PODS:
  - IoniconsKit (1.2.0)
  - Starscream (3.0.6)
  - SwiftAPI (1.6.2)
  - ZKCarousel (1.0.0)

DEPENDENCIES:
  - IoniconsKit
  - Starscream (~> 3.0.2)
  - SwiftAPI
  - ZKCarousel

SPEC REPOS:
  https://github.com/cocoapods/specs.git:
    - IoniconsKit
    - Starscream
    - SwiftAPI
    - ZKCarousel

SPEC CHECKSUMS:
  IoniconsKit: 97db493dc2dd21f4959daec1b155f718e46b5916
  Starscream: ef3ece99d765eeccb67de105bfa143f929026cf5
  SwiftAPI: ea2bd310f2444b4afa83250a17aaefa020bbc42c
  ZKCarousel: 10d5d84fe490dca8e234e381d27e733a364d119c

PODFILE CHECKSUM: 17f28f29c5ce0e99048f7f8eb9e06484233269e0

COCOAPODS: 1.7.5
