PODS:
  - Alamofire (5.0.0-beta.7)
  - Firebase/Auth (6.5.0):
    - Firebase/CoreOnly
    - FirebaseAuth (~> 6.2.1)
  - Firebase/CoreOnly (6.5.0):
    - FirebaseCore (= 6.1.0)
  - FirebaseAuth (6.2.1):
    - FirebaseAuthInterop (~> 1.0)
    - FirebaseCore (~> 6.0)
    - GoogleUtilities/AppDelegateSwizzler (~> 6.2)
    - GoogleUtilities/Environment (~> 6.2)
    - GTMSessionFetcher/Core (~> 1.1)
  - FirebaseAuthInterop (1.0.0)
  - FirebaseCore (6.1.0):
    - GoogleUtilities/Environment (~> 6.0)
    - GoogleUtilities/Logger (~> 6.0)
  - GoogleUtilities/AppDelegateSwizzler (6.2.3):
    - GoogleUtilities/Environment
    - GoogleUtilities/Logger
    - GoogleUtilities/Network
  - GoogleUtilities/Environment (6.2.3)
  - GoogleUtilities/Logger (6.2.3):
    - GoogleUtilities/Environment
  - GoogleUtilities/Network (6.2.3):
    - GoogleUtilities/Logger
    - "GoogleUtilities/NSData+zlib"
    - GoogleUtilities/Reachability
  - "GoogleUtilities/NSData+zlib (6.2.3)"
  - GoogleUtilities/Reachability (6.2.3):
    - GoogleUtilities/Logger
  - GTMSessionFetcher/Core (1.2.2)
  - IoniconsKit (1.2.0)
  - paper-onboarding (6.1.3)
  - SQLite.swift (0.12.2):
    - SQLite.swift/standard (= 0.12.2)
  - SQLite.swift/standard (0.12.2)
  - Starscream (3.0.6)
  - SwiftAPI (1.6.2)
  - SwiftyJSON (5.0.0)
  - taresip (0.1.1)
  - ZKCarousel (1.0.0)

DEPENDENCIES:
  - Alamofire (~> 5.0.0-beta.5)
  - Firebase/Auth
  - IoniconsKit
  - paper-onboarding
  - SQLite.swift (~> 0.12.0)
  - Starscream (~> 3.0.2)
  - SwiftAPI
  - SwiftyJSON
  - taresip (from `https://github.com/andrewvmail/taresip.git`)
  - ZKCarousel

SPEC REPOS:
  https://github.com/cocoapods/specs.git:
    - Alamofire
    - Firebase
    - FirebaseAuth
    - FirebaseAuthInterop
    - FirebaseCore
    - GoogleUtilities
    - GTMSessionFetcher
    - IoniconsKit
    - paper-onboarding
    - SQLite.swift
    - Starscream
    - SwiftAPI
    - SwiftyJSON
    - ZKCarousel

EXTERNAL SOURCES:
  taresip:
    :git: https://github.com/andrewvmail/taresip.git

CHECKOUT OPTIONS:
  taresip:
    :commit: a1c3a87bf5be6769e3cbbd653ad30465ee8bcf1a
    :git: https://github.com/andrewvmail/taresip.git

SPEC CHECKSUMS:
  Alamofire: bd07938ceecad59d2492aeecb1f785a8f2721160
  Firebase: dedc9e48ea3f3649ad5f6b982f8a0c73508a14b5
  FirebaseAuth: a06ad63e9bf4c86165b54cceb1c14d4f4c38d419
  FirebaseAuthInterop: 0ffa57668be100582bb7643d4fcb7615496c41fc
  FirebaseCore: aecf02fb2274ec361b9bebeac112f5daa18273bd
  GoogleUtilities: d2b0e277a95962e09bb27f5cd42f5f0b6a506c7d
  GTMSessionFetcher: 61bb0f61a4cb560030f1222021178008a5727a23
  IoniconsKit: 97db493dc2dd21f4959daec1b155f718e46b5916
  paper-onboarding: 47ded9ede6ae9dd7ec135dddd8bd3e170b79d799
  SQLite.swift: d2b4642190917051ce6bd1d49aab565fe794eea3
  Starscream: ef3ece99d765eeccb67de105bfa143f929026cf5
  SwiftAPI: ea2bd310f2444b4afa83250a17aaefa020bbc42c
  SwiftyJSON: 36413e04c44ee145039d332b4f4e2d3e8d6c4db7
  taresip: 25371dcfa501965053e41217f60fc1d2fa523dce
  ZKCarousel: 10d5d84fe490dca8e234e381d27e733a364d119c

PODFILE CHECKSUM: 32951912fc0c26f07e9288d24bf32f58304d20b6

COCOAPODS: 1.5.3
