// !$*UTF8*$!
{
	archiveVersion = 1;
	classes = {
	};
	objectVersion = 46;
	objects = {

/* Begin PBXBuildFile section */
		333AC11CEE14C2B4E300968C /* counter-reactions.swift in Sources */ = {isa = PBXBuildFile; fileRef = 333ACCD37D1F4100CD5F009D /* counter-reactions.swift */; };
		333AC19C5EAF5B731CBDDD2A /* WelcomePageController.swift in Sources */ = {isa = PBXBuildFile; fileRef = 333AC481FC17538124F2BDB1 /* WelcomePageController.swift */; };
		333AC1AFA819AD911DB095CF /* Assets.xcassets in Resources */ = {isa = PBXBuildFile; fileRef = 333ACBAFC13D1DB26A420F94 /* Assets.xcassets */; };
		333AC1E338086F8ED6AB9A7F /* app-reactions.swft.swift in Sources */ = {isa = PBXBuildFile; fileRef = 333ACAC989CBA2390EA2E0AE /* app-reactions.swft.swift */; };
		333AC269009CA39DF05F4BC2 /* controller.swift in Sources */ = {isa = PBXBuildFile; fileRef = 333ACCD997E3FBCEDA78BEAA /* controller.swift */; };
		333AC2F66BE8391FDEB83CF0 /* app-sequences.swift in Sources */ = {isa = PBXBuildFile; fileRef = 333AC6AEF0FFB50AEF546415 /* app-sequences.swift */; };
		333AC38AA12339A2B60E71EB /* todo-reactions.swift in Sources */ = {isa = PBXBuildFile; fileRef = 333AC71733D8D449406651DC /* todo-reactions.swift */; };
		333AC38CFA6AF5D1D5C5D194 /* WelcomePageView.swift in Sources */ = {isa = PBXBuildFile; fileRef = 333AC09DDABD4345CF49FE60 /* WelcomePageView.swift */; };
		333AC3C89A144A02A8A20ED2 /* AppDelegate.swift in Sources */ = {isa = PBXBuildFile; fileRef = 333AC726BA06BE5F6D23E88C /* AppDelegate.swift */; };
		333AC40E1972AB0A507A063F /* todo-sequences.swift in Sources */ = {isa = PBXBuildFile; fileRef = 333AC7FDEF70EBFCFFBF3B25 /* todo-sequences.swift */; };
		333AC426FE6F8BA16CF148CC /* state.swift in Sources */ = {isa = PBXBuildFile; fileRef = 333AC0347D0933A02E221609 /* state.swift */; };
		333AC5419BE6ED61C3CCFAEF /* todo-actions.swift in Sources */ = {isa = PBXBuildFile; fileRef = 333AC53B674FBCE61232C89B /* todo-actions.swift */; };
		333AC685744B58D0323553FC /* PhoneVerificationView.swift in Sources */ = {isa = PBXBuildFile; fileRef = 333ACF3CECC3A7E04B9FDFDB /* PhoneVerificationView.swift */; };
		333AC6C13C90421297B9B15A /* app-state.swift in Sources */ = {isa = PBXBuildFile; fileRef = 333ACEB3CEC2FCE224C73F75 /* app-state.swift */; };
		333AC715DA54F611F1059C04 /* CounterPageController.swift in Sources */ = {isa = PBXBuildFile; fileRef = 333AC5CC3439E77D0C1BB1E6 /* CounterPageController.swift */; };
		333AC7C78A78381BB78BC12E /* app-actions.swift in Sources */ = {isa = PBXBuildFile; fileRef = 333AC860DD20E145853EDB76 /* app-actions.swift */; };
		333AC7CB572D9EA8A687ABAA /* libs.swift in Sources */ = {isa = PBXBuildFile; fileRef = 333ACE9DAE3679202D4BDA6C /* libs.swift */; };
		333AC899B07E14848F37AF81 /* sync.swift in Sources */ = {isa = PBXBuildFile; fileRef = 333ACFA9384AD1638C45CD6E /* sync.swift */; };
		333AC8A4242D2D6DA83B86D9 /* CounterPageView.swift in Sources */ = {isa = PBXBuildFile; fileRef = 333AC6B52768C2F0A44FD3E1 /* CounterPageView.swift */; };
		333AC8F98529D7F3E5096381 /* README.md in Resources */ = {isa = PBXBuildFile; fileRef = 333ACFAEEA1068E22AFF4F19 /* README.md */; };
		333AC93A5A6DA5EA8554A0B4 /* todo-state.swift in Sources */ = {isa = PBXBuildFile; fileRef = 333AC3890BD27E2F478A6BE4 /* todo-state.swift */; };
		333ACB9F4E8BD30BD1C9266C /* PhoneVerificationPageController.swift in Sources */ = {isa = PBXBuildFile; fileRef = 333ACD18E54F8CD632CDE1C7 /* PhoneVerificationPageController.swift */; };
		333ACBAFB0DD63ABBAB9DF39 /* PhonePage.swift in Sources */ = {isa = PBXBuildFile; fileRef = 333ACFEDC789F24AA3834B08 /* PhonePage.swift */; };
		333ACC1E7E8DA3EFA67B2D24 /* counter-sequences.swift in Sources */ = {isa = PBXBuildFile; fileRef = 333AC94C6D059EF0E84CA105 /* counter-sequences.swift */; };
		333ACC8D4DEAB6C87E6CC59C /* TodoPageController.swift in Sources */ = {isa = PBXBuildFile; fileRef = 333ACC5DC6C2CF3EA1B99926 /* TodoPageController.swift */; };
		333ACCD60A033D1107934CBA /* counter-state.swift in Sources */ = {isa = PBXBuildFile; fileRef = 333AC03FB9DB6436CCB15FA1 /* counter-state.swift */; };
		333ACD9EFF5FC88CF0CEDE76 /* TodoPageView.swift in Sources */ = {isa = PBXBuildFile; fileRef = 333AC504A342CF5E9EBBCACB /* TodoPageView.swift */; };
		333ACDBBC9BA8577788E9754 /* counter-actions.swift in Sources */ = {isa = PBXBuildFile; fileRef = 333AC6389290D0E9A4FED95D /* counter-actions.swift */; };
		42469CF4E4DEF0A8FAC4AF83 /* Pods_xmppclient.framework in Frameworks */ = {isa = PBXBuildFile; fileRef = EAA0714B2EE7ADD7A79F3FE5 /* Pods_xmppclient.framework */; };
		FA07F968231462C000BB3A67 /* TabbedPage.swift in Sources */ = {isa = PBXBuildFile; fileRef = FA07F967231462C000BB3A67 /* TabbedPage.swift */; };
		FA07F96C2314633300BB3A67 /* registration-sequences.swift in Sources */ = {isa = PBXBuildFile; fileRef = FA07F96A2314633200BB3A67 /* registration-sequences.swift */; };
		FA07F96D2314633300BB3A67 /* registration-actions.swift in Sources */ = {isa = PBXBuildFile; fileRef = FA07F96B2314633200BB3A67 /* registration-actions.swift */; };
		FA07F96F2314639B00BB3A67 /* SmsVerificationPage.swift in Sources */ = {isa = PBXBuildFile; fileRef = FA07F96E2314639A00BB3A67 /* SmsVerificationPage.swift */; };
		FA07F973231463D100BB3A67 /* http.swift in Sources */ = {isa = PBXBuildFile; fileRef = FA07F971231463D100BB3A67 /* http.swift */; };
		FA07F974231463D100BB3A67 /* db.swift in Sources */ = {isa = PBXBuildFile; fileRef = FA07F972231463D100BB3A67 /* db.swift */; };
		FA07F976231463FA00BB3A67 /* config.swift in Sources */ = {isa = PBXBuildFile; fileRef = FA07F975231463FA00BB3A67 /* config.swift */; };
		FA07F9792314642E00BB3A67 /* profile-store.swift in Sources */ = {isa = PBXBuildFile; fileRef = FA07F9782314642E00BB3A67 /* profile-store.swift */; };
		FA07F97B231464AE00BB3A67 /* GoogleService-Info.plist in Resources */ = {isa = PBXBuildFile; fileRef = FA07F97A231464AD00BB3A67 /* GoogleService-Info.plist */; };
		FA5892352304616700FE11FC /* Nunito-Light.ttf in Resources */ = {isa = PBXBuildFile; fileRef = FA5892312304616700FE11FC /* Nunito-Light.ttf */; };
		FA5892362304616700FE11FC /* Nunito-Regular.ttf in Resources */ = {isa = PBXBuildFile; fileRef = FA5892322304616700FE11FC /* Nunito-Regular.ttf */; };
		FA5892372304616700FE11FC /* Nunito-Bold.ttf in Resources */ = {isa = PBXBuildFile; fileRef = FA5892332304616700FE11FC /* Nunito-Bold.ttf */; };
		FA5892382304616700FE11FC /* OpenSans-Regular.ttf in Resources */ = {isa = PBXBuildFile; fileRef = FA5892342304616700FE11FC /* OpenSans-Regular.ttf */; };
/* End PBXBuildFile section */

/* Begin PBXFileReference section */
		333AC0347D0933A02E221609 /* state.swift */ = {isa = PBXFileReference; fileEncoding = 4; lastKnownFileType = sourcecode.swift; path = state.swift; sourceTree = "<group>"; };
		333AC03FB9DB6436CCB15FA1 /* counter-state.swift */ = {isa = PBXFileReference; fileEncoding = 4; lastKnownFileType = sourcecode.swift; path = "counter-state.swift"; sourceTree = "<group>"; };
		333AC09DDABD4345CF49FE60 /* WelcomePageView.swift */ = {isa = PBXFileReference; fileEncoding = 4; lastKnownFileType = sourcecode.swift; path = WelcomePageView.swift; sourceTree = "<group>"; };
		333AC3890BD27E2F478A6BE4 /* todo-state.swift */ = {isa = PBXFileReference; fileEncoding = 4; lastKnownFileType = sourcecode.swift; path = "todo-state.swift"; sourceTree = "<group>"; };
		333AC481FC17538124F2BDB1 /* WelcomePageController.swift */ = {isa = PBXFileReference; fileEncoding = 4; lastKnownFileType = sourcecode.swift; path = WelcomePageController.swift; sourceTree = "<group>"; };
		333AC504A342CF5E9EBBCACB /* TodoPageView.swift */ = {isa = PBXFileReference; fileEncoding = 4; lastKnownFileType = sourcecode.swift; path = TodoPageView.swift; sourceTree = "<group>"; };
		333AC53B674FBCE61232C89B /* todo-actions.swift */ = {isa = PBXFileReference; fileEncoding = 4; lastKnownFileType = sourcecode.swift; path = "todo-actions.swift"; sourceTree = "<group>"; };
		333AC5CC3439E77D0C1BB1E6 /* CounterPageController.swift */ = {isa = PBXFileReference; fileEncoding = 4; lastKnownFileType = sourcecode.swift; path = CounterPageController.swift; sourceTree = "<group>"; };
		333AC6389290D0E9A4FED95D /* counter-actions.swift */ = {isa = PBXFileReference; fileEncoding = 4; lastKnownFileType = sourcecode.swift; path = "counter-actions.swift"; sourceTree = "<group>"; };
		333AC6AEF0FFB50AEF546415 /* app-sequences.swift */ = {isa = PBXFileReference; fileEncoding = 4; lastKnownFileType = sourcecode.swift; path = "app-sequences.swift"; sourceTree = "<group>"; };
		333AC6B52768C2F0A44FD3E1 /* CounterPageView.swift */ = {isa = PBXFileReference; fileEncoding = 4; lastKnownFileType = sourcecode.swift; path = CounterPageView.swift; sourceTree = "<group>"; };
		333AC71733D8D449406651DC /* todo-reactions.swift */ = {isa = PBXFileReference; fileEncoding = 4; lastKnownFileType = sourcecode.swift; path = "todo-reactions.swift"; sourceTree = "<group>"; };
		333AC726BA06BE5F6D23E88C /* AppDelegate.swift */ = {isa = PBXFileReference; lastKnownFileType = sourcecode.swift; path = AppDelegate.swift; sourceTree = "<group>"; };
		333AC7FDEF70EBFCFFBF3B25 /* todo-sequences.swift */ = {isa = PBXFileReference; fileEncoding = 4; lastKnownFileType = sourcecode.swift; path = "todo-sequences.swift"; sourceTree = "<group>"; };
		333AC860DD20E145853EDB76 /* app-actions.swift */ = {isa = PBXFileReference; fileEncoding = 4; lastKnownFileType = sourcecode.swift; path = "app-actions.swift"; sourceTree = "<group>"; };
		333AC94C6D059EF0E84CA105 /* counter-sequences.swift */ = {isa = PBXFileReference; fileEncoding = 4; lastKnownFileType = sourcecode.swift; path = "counter-sequences.swift"; sourceTree = "<group>"; };
		333ACA0A0C501FA2DCFC5C6D /* Info.plist */ = {isa = PBXFileReference; lastKnownFileType = text.plist.info; path = Info.plist; sourceTree = "<group>"; };
		333ACAC989CBA2390EA2E0AE /* app-reactions.swft.swift */ = {isa = PBXFileReference; fileEncoding = 4; lastKnownFileType = sourcecode.swift; path = "app-reactions.swft.swift"; sourceTree = "<group>"; };
		333ACBAFC13D1DB26A420F94 /* Assets.xcassets */ = {isa = PBXFileReference; lastKnownFileType = folder.assetcatalog; path = Assets.xcassets; sourceTree = "<group>"; };
		333ACC5DC6C2CF3EA1B99926 /* TodoPageController.swift */ = {isa = PBXFileReference; fileEncoding = 4; lastKnownFileType = sourcecode.swift; path = TodoPageController.swift; sourceTree = "<group>"; };
		333ACC9F7F704EB13EADCA0A /* xmppclient.app */ = {isa = PBXFileReference; explicitFileType = wrapper.application; includeInIndex = 0; path = xmppclient.app; sourceTree = BUILT_PRODUCTS_DIR; };
		333ACCD37D1F4100CD5F009D /* counter-reactions.swift */ = {isa = PBXFileReference; fileEncoding = 4; lastKnownFileType = sourcecode.swift; path = "counter-reactions.swift"; sourceTree = "<group>"; };
		333ACCD997E3FBCEDA78BEAA /* controller.swift */ = {isa = PBXFileReference; fileEncoding = 4; lastKnownFileType = sourcecode.swift; path = controller.swift; sourceTree = "<group>"; };
		333ACD18E54F8CD632CDE1C7 /* PhoneVerificationPageController.swift */ = {isa = PBXFileReference; fileEncoding = 4; lastKnownFileType = sourcecode.swift; path = PhoneVerificationPageController.swift; sourceTree = "<group>"; };
		333ACE9DAE3679202D4BDA6C /* libs.swift */ = {isa = PBXFileReference; fileEncoding = 4; lastKnownFileType = sourcecode.swift; path = libs.swift; sourceTree = "<group>"; };
		333ACEB3CEC2FCE224C73F75 /* app-state.swift */ = {isa = PBXFileReference; fileEncoding = 4; lastKnownFileType = sourcecode.swift; path = "app-state.swift"; sourceTree = "<group>"; };
		333ACF3CECC3A7E04B9FDFDB /* PhoneVerificationView.swift */ = {isa = PBXFileReference; fileEncoding = 4; lastKnownFileType = sourcecode.swift; path = PhoneVerificationView.swift; sourceTree = "<group>"; };
		333ACFA9384AD1638C45CD6E /* sync.swift */ = {isa = PBXFileReference; fileEncoding = 4; lastKnownFileType = sourcecode.swift; path = sync.swift; sourceTree = "<group>"; };
		333ACFAEEA1068E22AFF4F19 /* README.md */ = {isa = PBXFileReference; fileEncoding = 4; lastKnownFileType = net.daringfireball.markdown; path = README.md; sourceTree = "<group>"; };
		333ACFEDC789F24AA3834B08 /* PhonePage.swift */ = {isa = PBXFileReference; fileEncoding = 4; lastKnownFileType = sourcecode.swift; name = PhonePage.swift; path = calling/PhonePage.swift; sourceTree = "<group>"; };
		8BC3810B78E0FBD27DF054F4 /* Pods-xmppclient.debug.xcconfig */ = {isa = PBXFileReference; includeInIndex = 1; lastKnownFileType = text.xcconfig; name = "Pods-xmppclient.debug.xcconfig"; path = "Pods/Target Support Files/Pods-xmppclient/Pods-xmppclient.debug.xcconfig"; sourceTree = "<group>"; };
		8BCF1A405C9B825D47F04562 /* Pods-xmppclient.release.xcconfig */ = {isa = PBXFileReference; includeInIndex = 1; lastKnownFileType = text.xcconfig; name = "Pods-xmppclient.release.xcconfig"; path = "Pods/Target Support Files/Pods-xmppclient/Pods-xmppclient.release.xcconfig"; sourceTree = "<group>"; };
		EAA0714B2EE7ADD7A79F3FE5 /* Pods_xmppclient.framework */ = {isa = PBXFileReference; explicitFileType = wrapper.framework; includeInIndex = 0; path = Pods_xmppclient.framework; sourceTree = BUILT_PRODUCTS_DIR; };
		FA07F967231462C000BB3A67 /* TabbedPage.swift */ = {isa = PBXFileReference; fileEncoding = 4; lastKnownFileType = sourcecode.swift; path = TabbedPage.swift; sourceTree = "<group>"; };
		FA07F96A2314633200BB3A67 /* registration-sequences.swift */ = {isa = PBXFileReference; fileEncoding = 4; lastKnownFileType = sourcecode.swift; path = "registration-sequences.swift"; sourceTree = "<group>"; };
		FA07F96B2314633200BB3A67 /* registration-actions.swift */ = {isa = PBXFileReference; fileEncoding = 4; lastKnownFileType = sourcecode.swift; path = "registration-actions.swift"; sourceTree = "<group>"; };
		FA07F96E2314639A00BB3A67 /* SmsVerificationPage.swift */ = {isa = PBXFileReference; fileEncoding = 4; lastKnownFileType = sourcecode.swift; path = SmsVerificationPage.swift; sourceTree = "<group>"; };
		FA07F971231463D100BB3A67 /* http.swift */ = {isa = PBXFileReference; fileEncoding = 4; lastKnownFileType = sourcecode.swift; path = http.swift; sourceTree = "<group>"; };
		FA07F972231463D100BB3A67 /* db.swift */ = {isa = PBXFileReference; fileEncoding = 4; lastKnownFileType = sourcecode.swift; path = db.swift; sourceTree = "<group>"; };
		FA07F975231463FA00BB3A67 /* config.swift */ = {isa = PBXFileReference; fileEncoding = 4; lastKnownFileType = sourcecode.swift; path = config.swift; sourceTree = "<group>"; };
		FA07F9782314642E00BB3A67 /* profile-store.swift */ = {isa = PBXFileReference; fileEncoding = 4; lastKnownFileType = sourcecode.swift; path = "profile-store.swift"; sourceTree = "<group>"; };
		FA07F97A231464AD00BB3A67 /* GoogleService-Info.plist */ = {isa = PBXFileReference; fileEncoding = 4; lastKnownFileType = text.plist.xml; path = "GoogleService-Info.plist"; sourceTree = "<group>"; };
		FA5892312304616700FE11FC /* Nunito-Light.ttf */ = {isa = PBXFileReference; lastKnownFileType = file; path = "Nunito-Light.ttf"; sourceTree = "<group>"; };
		FA5892322304616700FE11FC /* Nunito-Regular.ttf */ = {isa = PBXFileReference; lastKnownFileType = file; path = "Nunito-Regular.ttf"; sourceTree = "<group>"; };
		FA5892332304616700FE11FC /* Nunito-Bold.ttf */ = {isa = PBXFileReference; lastKnownFileType = file; path = "Nunito-Bold.ttf"; sourceTree = "<group>"; };
		FA5892342304616700FE11FC /* OpenSans-Regular.ttf */ = {isa = PBXFileReference; lastKnownFileType = file; path = "OpenSans-Regular.ttf"; sourceTree = "<group>"; };
/* End PBXFileReference section */

/* Begin PBXFrameworksBuildPhase section */
		333AC5CC8FE10DE1D65581F4 /* Frameworks */ = {
			isa = PBXFrameworksBuildPhase;
			buildActionMask = 2147483647;
			files = (
				42469CF4E4DEF0A8FAC4AF83 /* Pods_xmppclient.framework in Frameworks */,
			);
			runOnlyForDeploymentPostprocessing = 0;
		};
/* End PBXFrameworksBuildPhase section */

/* Begin PBXGroup section */
		226AD1E02D4632C26F08882A /* Frameworks */ = {
			isa = PBXGroup;
			children = (
				EAA0714B2EE7ADD7A79F3FE5 /* Pods_xmppclient.framework */,
			);
			name = Frameworks;
			sourceTree = "<group>";
		};
		333AC16B97E456E9EF35AA3F /* main */ = {
			isa = PBXGroup;
			children = (
				FA07F970231463D100BB3A67 /* providers */,
				FA58922B2303DAE300FE11FC /* modules */,
				333ACE9DAE3679202D4BDA6C /* libs.swift */,
				333ACCD997E3FBCEDA78BEAA /* controller.swift */,
				333AC0347D0933A02E221609 /* state.swift */,
				333ACFA9384AD1638C45CD6E /* sync.swift */,
			);
			path = main;
			sourceTree = "<group>";
		};
		333AC1DD9145B552CF1B9637 /* TodoPage */ = {
			isa = PBXGroup;
			children = (
				333AC504A342CF5E9EBBCACB /* TodoPageView.swift */,
				333ACC5DC6C2CF3EA1B99926 /* TodoPageController.swift */,
			);
			path = TodoPage;
			sourceTree = "<group>";
		};
		333AC1E3B800F815829F4856 /* xmppclient */ = {
			isa = PBXGroup;
			children = (
				FA07F975231463FA00BB3A67 /* config.swift */,
				FA5892302304616700FE11FC /* fonts */,
				333ACA0A0C501FA2DCFC5C6D /* Info.plist */,
				333ACBAFC13D1DB26A420F94 /* Assets.xcassets */,
				333AC726BA06BE5F6D23E88C /* AppDelegate.swift */,
				333AC16B97E456E9EF35AA3F /* main */,
				333AC7209A5B1F6E6074353D /* ui */,
			);
			path = xmppclient;
			sourceTree = "<group>";
		};
		333AC7209A5B1F6E6074353D /* ui */ = {
			isa = PBXGroup;
			children = (
				FA07F966231462C000BB3A67 /* app */,
				FA5892292303D7A100FE11FC /* registration */,
				FA5892282303D78C00FE11FC /* kitchensink */,
				333ACFEDC789F24AA3834B08 /* PhonePage.swift */,
			);
			path = ui;
			sourceTree = "<group>";
		};
		333ACB9DF471A1537041EDF0 /* Products */ = {
			isa = PBXGroup;
			children = (
				333ACC9F7F704EB13EADCA0A /* xmppclient.app */,
			);
			name = Products;
			sourceTree = "<group>";
		};
		333ACBD697C1A2288BB44A2F = {
			isa = PBXGroup;
			children = (
				FA07F97A231464AD00BB3A67 /* GoogleService-Info.plist */,
				333ACB9DF471A1537041EDF0 /* Products */,
				333AC1E3B800F815829F4856 /* xmppclient */,
				226AD1E02D4632C26F08882A /* Frameworks */,
				F6BA94B1BB536737D261DA03 /* Pods */,
				333ACFAEEA1068E22AFF4F19 /* README.md */,
			);
			sourceTree = "<group>";
		};
		333ACEC010378F9968BD406F /* CounterPage */ = {
			isa = PBXGroup;
			children = (
				333AC5CC3439E77D0C1BB1E6 /* CounterPageController.swift */,
				333AC6B52768C2F0A44FD3E1 /* CounterPageView.swift */,
			);
			path = CounterPage;
			sourceTree = "<group>";
		};
		F6BA94B1BB536737D261DA03 /* Pods */ = {
			isa = PBXGroup;
			children = (
				8BC3810B78E0FBD27DF054F4 /* Pods-xmppclient.debug.xcconfig */,
				8BCF1A405C9B825D47F04562 /* Pods-xmppclient.release.xcconfig */,
			);
			name = Pods;
			sourceTree = "<group>";
		};
		FA07F966231462C000BB3A67 /* app */ = {
			isa = PBXGroup;
			children = (
				FA07F967231462C000BB3A67 /* TabbedPage.swift */,
			);
			path = app;
			sourceTree = "<group>";
		};
		FA07F9692314633200BB3A67 /* registration */ = {
			isa = PBXGroup;
			children = (
				FA07F96A2314633200BB3A67 /* registration-sequences.swift */,
				FA07F96B2314633200BB3A67 /* registration-actions.swift */,
			);
			path = registration;
			sourceTree = "<group>";
		};
		FA07F970231463D100BB3A67 /* providers */ = {
			isa = PBXGroup;
			children = (
				FA07F971231463D100BB3A67 /* http.swift */,
				FA07F972231463D100BB3A67 /* db.swift */,
			);
			path = providers;
			sourceTree = "<group>";
		};
		FA07F9772314642E00BB3A67 /* profile-module */ = {
			isa = PBXGroup;
			children = (
				FA07F9782314642E00BB3A67 /* profile-store.swift */,
			);
			path = "profile-module";
			sourceTree = "<group>";
		};
		FA5892282303D78C00FE11FC /* kitchensink */ = {
			isa = PBXGroup;
			children = (
				333ACEC010378F9968BD406F /* CounterPage */,
				333AC1DD9145B552CF1B9637 /* TodoPage */,
			);
			path = kitchensink;
			sourceTree = "<group>";
		};
		FA5892292303D7A100FE11FC /* registration */ = {
			isa = PBXGroup;
			children = (
				FA07F96E2314639A00BB3A67 /* SmsVerificationPage.swift */,
				FAD1FE172305274D00EB5B37 /* PhoneVerificationPage */,
				FA58922A2303D7B600FE11FC /* WelcomePage */,
			);
			path = registration;
			sourceTree = "<group>";
		};
		FA58922A2303D7B600FE11FC /* WelcomePage */ = {
			isa = PBXGroup;
			children = (
				333AC481FC17538124F2BDB1 /* WelcomePageController.swift */,
				333AC09DDABD4345CF49FE60 /* WelcomePageView.swift */,
			);
			path = WelcomePage;
			sourceTree = "<group>";
		};
		FA58922B2303DAE300FE11FC /* modules */ = {
			isa = PBXGroup;
			children = (
				FA07F9772314642E00BB3A67 /* profile-module */,
				FA58922D2303DAF300FE11FC /* app */,
				FA58922C2303DAEB00FE11FC /* kitchensink */,
			);
			path = modules;
			sourceTree = "<group>";
		};
		FA58922C2303DAEB00FE11FC /* kitchensink */ = {
			isa = PBXGroup;
			children = (
				FAAA4A2422F64BEB002420D4 /* counter */,
				FAAA4A2322F64BDF002420D4 /* todo */,
			);
			path = kitchensink;
			sourceTree = "<group>";
		};
		FA58922D2303DAF300FE11FC /* app */ = {
			isa = PBXGroup;
			children = (
				FA07F9692314633200BB3A67 /* registration */,
				333ACEB3CEC2FCE224C73F75 /* app-state.swift */,
				333AC6AEF0FFB50AEF546415 /* app-sequences.swift */,
				333AC860DD20E145853EDB76 /* app-actions.swift */,
				333ACAC989CBA2390EA2E0AE /* app-reactions.swft.swift */,
			);
			path = app;
			sourceTree = "<group>";
		};
		FA5892302304616700FE11FC /* fonts */ = {
			isa = PBXGroup;
			children = (
				FA5892312304616700FE11FC /* Nunito-Light.ttf */,
				FA5892322304616700FE11FC /* Nunito-Regular.ttf */,
				FA5892332304616700FE11FC /* Nunito-Bold.ttf */,
				FA5892342304616700FE11FC /* OpenSans-Regular.ttf */,
			);
			name = fonts;
			path = xmppclient/fonts;
			sourceTree = SOURCE_ROOT;
		};
		FAAA4A2322F64BDF002420D4 /* todo */ = {
			isa = PBXGroup;
			children = (
				333AC3890BD27E2F478A6BE4 /* todo-state.swift */,
				333AC53B674FBCE61232C89B /* todo-actions.swift */,
				333AC7FDEF70EBFCFFBF3B25 /* todo-sequences.swift */,
				333AC71733D8D449406651DC /* todo-reactions.swift */,
			);
			path = todo;
			sourceTree = "<group>";
		};
		FAAA4A2422F64BEB002420D4 /* counter */ = {
			isa = PBXGroup;
			children = (
				333AC94C6D059EF0E84CA105 /* counter-sequences.swift */,
				333AC6389290D0E9A4FED95D /* counter-actions.swift */,
				333AC03FB9DB6436CCB15FA1 /* counter-state.swift */,
				333ACCD37D1F4100CD5F009D /* counter-reactions.swift */,
			);
			path = counter;
			sourceTree = "<group>";
		};
		FAD1FE172305274D00EB5B37 /* PhoneVerificationPage */ = {
			isa = PBXGroup;
			children = (
				333ACD18E54F8CD632CDE1C7 /* PhoneVerificationPageController.swift */,
				333ACF3CECC3A7E04B9FDFDB /* PhoneVerificationView.swift */,
			);
			path = PhoneVerificationPage;
			sourceTree = "<group>";
		};
/* End PBXGroup section */

/* Begin PBXNativeTarget section */
		333AC71FFD71058CC940E270 /* xmppclient */ = {
			isa = PBXNativeTarget;
			buildConfigurationList = 333ACF03700ADBA2C63B9184 /* Build configuration list for PBXNativeTarget "xmppclient" */;
			buildPhases = (
				652794347DC4150A0A607FA1 /* [CP] Check Pods Manifest.lock */,
				333AC062731BD6A2CB1608D9 /* Sources */,
				333AC5CC8FE10DE1D65581F4 /* Frameworks */,
				333AC48FFDD165FF8C11BB7D /* Resources */,
				8EE7ECF524595115EC1E9824 /* [CP] Embed Pods Frameworks */,
			);
			buildRules = (
			);
			dependencies = (
			);
			name = xmppclient;
			productName = xmppclient;
			productReference = 333ACC9F7F704EB13EADCA0A /* xmppclient.app */;
			productType = "com.apple.product-type.application";
		};
/* End PBXNativeTarget section */

/* Begin PBXProject section */
		333AC417CC40BB5EA7BC7556 /* Project object */ = {
			isa = PBXProject;
			attributes = {
				ORGANIZATIONNAME = Momo;
				TargetAttributes = {
					333AC71FFD71058CC940E270 = {
						DevelopmentTeam = GK2FD9LYA7;
						ProvisioningStyle = Automatic;
					};
				};
			};
			buildConfigurationList = 333ACBA7CAA5DB6AEF270FCD /* Build configuration list for PBXProject "xmppclient" */;
			compatibilityVersion = "Xcode 3.2";
			developmentRegion = English;
			hasScannedForEncodings = 0;
			knownRegions = (
				English,
				en,
				Base,
			);
			mainGroup = 333ACBD697C1A2288BB44A2F;
			productRefGroup = 333ACB9DF471A1537041EDF0 /* Products */;
			projectDirPath = "";
			projectRoot = "";
			targets = (
				333AC71FFD71058CC940E270 /* xmppclient */,
			);
		};
/* End PBXProject section */

/* Begin PBXResourcesBuildPhase section */
		333AC48FFDD165FF8C11BB7D /* Resources */ = {
			isa = PBXResourcesBuildPhase;
			buildActionMask = 2147483647;
			files = (
				333AC1AFA819AD911DB095CF /* Assets.xcassets in Resources */,
				FA5892372304616700FE11FC /* Nunito-Bold.ttf in Resources */,
				333AC8F98529D7F3E5096381 /* README.md in Resources */,
				FA5892362304616700FE11FC /* Nunito-Regular.ttf in Resources */,
				FA5892382304616700FE11FC /* OpenSans-Regular.ttf in Resources */,
				FA5892352304616700FE11FC /* Nunito-Light.ttf in Resources */,
				FA07F97B231464AE00BB3A67 /* GoogleService-Info.plist in Resources */,
			);
			runOnlyForDeploymentPostprocessing = 0;
		};
/* End PBXResourcesBuildPhase section */

/* Begin PBXShellScriptBuildPhase section */
		652794347DC4150A0A607FA1 /* [CP] Check Pods Manifest.lock */ = {
			isa = PBXShellScriptBuildPhase;
			buildActionMask = 2147483647;
			files = (
			);
			inputFileListPaths = (
			);
			inputPaths = (
				"${PODS_PODFILE_DIR_PATH}/Podfile.lock",
				"${PODS_ROOT}/Manifest.lock",
			);
			name = "[CP] Check Pods Manifest.lock";
			outputFileListPaths = (
			);
			outputPaths = (
				"$(DERIVED_FILE_DIR)/Pods-xmppclient-checkManifestLockResult.txt",
			);
			runOnlyForDeploymentPostprocessing = 0;
			shellPath = /bin/sh;
			shellScript = "diff \"${PODS_PODFILE_DIR_PATH}/Podfile.lock\" \"${PODS_ROOT}/Manifest.lock\" > /dev/null\nif [ $? != 0 ] ; then\n    # print error to STDERR\n    echo \"error: The sandbox is not in sync with the Podfile.lock. Run 'pod install' or update your CocoaPods installation.\" >&2\n    exit 1\nfi\n# This output is used by Xcode 'outputs' to avoid re-running this script phase.\necho \"SUCCESS\" > \"${SCRIPT_OUTPUT_FILE_0}\"\n";
			showEnvVarsInLog = 0;
		};
		8EE7ECF524595115EC1E9824 /* [CP] Embed Pods Frameworks */ = {
			isa = PBXShellScriptBuildPhase;
			buildActionMask = 2147483647;
			files = (
			);
			inputPaths = (
				"${PODS_ROOT}/Target Support Files/Pods-xmppclient/Pods-xmppclient-frameworks.sh",
				"${BUILT_PRODUCTS_DIR}/IoniconsKit/IoniconsKit.framework",
				"${BUILT_PRODUCTS_DIR}/Starscream/Starscream.framework",
				"${BUILT_PRODUCTS_DIR}/SwiftAPI/SwiftAPI.framework",
				"${BUILT_PRODUCTS_DIR}/ZKCarousel/ZKCarousel.framework",
				"${BUILT_PRODUCTS_DIR}/paper-onboarding/paper_onboarding.framework",
			);
			name = "[CP] Embed Pods Frameworks";
			outputPaths = (
				"${TARGET_BUILD_DIR}/${FRAMEWORKS_FOLDER_PATH}/IoniconsKit.framework",
				"${TARGET_BUILD_DIR}/${FRAMEWORKS_FOLDER_PATH}/Starscream.framework",
				"${TARGET_BUILD_DIR}/${FRAMEWORKS_FOLDER_PATH}/SwiftAPI.framework",
				"${TARGET_BUILD_DIR}/${FRAMEWORKS_FOLDER_PATH}/ZKCarousel.framework",
				"${TARGET_BUILD_DIR}/${FRAMEWORKS_FOLDER_PATH}/paper_onboarding.framework",
			);
			runOnlyForDeploymentPostprocessing = 0;
			shellPath = /bin/sh;
			shellScript = "\"${PODS_ROOT}/Target Support Files/Pods-xmppclient/Pods-xmppclient-frameworks.sh\"\n";
			showEnvVarsInLog = 0;
		};
/* End PBXShellScriptBuildPhase section */

/* Begin PBXSourcesBuildPhase section */
		333AC062731BD6A2CB1608D9 /* Sources */ = {
			isa = PBXSourcesBuildPhase;
			buildActionMask = 2147483647;
			files = (
				333AC3C89A144A02A8A20ED2 /* AppDelegate.swift in Sources */,
				FA07F973231463D100BB3A67 /* http.swift in Sources */,
				333ACC1E7E8DA3EFA67B2D24 /* counter-sequences.swift in Sources */,
				333ACDBBC9BA8577788E9754 /* counter-actions.swift in Sources */,
				333ACCD60A033D1107934CBA /* counter-state.swift in Sources */,
				333AC93A5A6DA5EA8554A0B4 /* todo-state.swift in Sources */,
				333AC7CB572D9EA8A687ABAA /* libs.swift in Sources */,
				FA07F96D2314633300BB3A67 /* registration-actions.swift in Sources */,
				333AC5419BE6ED61C3CCFAEF /* todo-actions.swift in Sources */,
				333AC40E1972AB0A507A063F /* todo-sequences.swift in Sources */,
				333AC269009CA39DF05F4BC2 /* controller.swift in Sources */,
				333AC426FE6F8BA16CF148CC /* state.swift in Sources */,
				FA07F96C2314633300BB3A67 /* registration-sequences.swift in Sources */,
				333AC715DA54F611F1059C04 /* CounterPageController.swift in Sources */,
				FA07F96F2314639B00BB3A67 /* SmsVerificationPage.swift in Sources */,
				333AC8A4242D2D6DA83B86D9 /* CounterPageView.swift in Sources */,
				333ACD9EFF5FC88CF0CEDE76 /* TodoPageView.swift in Sources */,
				FA07F9792314642E00BB3A67 /* profile-store.swift in Sources */,
				333ACC8D4DEAB6C87E6CC59C /* TodoPageController.swift in Sources */,
				333AC19C5EAF5B731CBDDD2A /* WelcomePageController.swift in Sources */,
				333AC38CFA6AF5D1D5C5D194 /* WelcomePageView.swift in Sources */,
				333AC6C13C90421297B9B15A /* app-state.swift in Sources */,
				333AC2F66BE8391FDEB83CF0 /* app-sequences.swift in Sources */,
				FA07F974231463D100BB3A67 /* db.swift in Sources */,
				333AC7C78A78381BB78BC12E /* app-actions.swift in Sources */,
				333ACB9F4E8BD30BD1C9266C /* PhoneVerificationPageController.swift in Sources */,
				FA07F976231463FA00BB3A67 /* config.swift in Sources */,
				FA07F968231462C000BB3A67 /* TabbedPage.swift in Sources */,
				333AC685744B58D0323553FC /* PhoneVerificationView.swift in Sources */,
				333AC1E338086F8ED6AB9A7F /* app-reactions.swft.swift in Sources */,
				333AC899B07E14848F37AF81 /* sync.swift in Sources */,
				333AC11CEE14C2B4E300968C /* counter-reactions.swift in Sources */,
				333AC38AA12339A2B60E71EB /* todo-reactions.swift in Sources */,
				333ACBAFB0DD63ABBAB9DF39 /* PhonePage.swift in Sources */,
			);
			runOnlyForDeploymentPostprocessing = 0;
		};
/* End PBXSourcesBuildPhase section */

/* Begin XCBuildConfiguration section */
		333AC077DB2EE89A25DFD73A /* Debug */ = {
			isa = XCBuildConfiguration;
			buildSettings = {
				ALWAYS_SEARCH_USER_PATHS = NO;
				CLANG_ANALYZER_NONNULL = YES;
				CLANG_ANALYZER_NUMBER_OBJECT_CONVERSION = YES_AGGRESSIVE;
				CLANG_CXX_LANGUAGE_STANDARD = "gnu++14";
				CLANG_CXX_LIBRARY = "libc++";
				CLANG_ENABLE_MODULES = YES;
				CLANG_ENABLE_OBJC_ARC = YES;
				CLANG_ENABLE_OBJC_WEAK = YES;
				CLANG_WARN_BLOCK_CAPTURE_AUTORELEASING = YES;
				CLANG_WARN_BOOL_CONVERSION = YES;
				CLANG_WARN_COMMA = YES;
				CLANG_WARN_CONSTANT_CONVERSION = YES;
				CLANG_WARN_DEPRECATED_OBJC_IMPLEMENTATIONS = YES;
				CLANG_WARN_DIRECT_OBJC_ISA_USAGE = YES_ERROR;
				CLANG_WARN_DOCUMENTATION_COMMENTS = YES;
				CLANG_WARN_EMPTY_BODY = YES;
				CLANG_WARN_ENUM_CONVERSION = YES;
				CLANG_WARN_INFINITE_RECURSION = YES;
				CLANG_WARN_INT_CONVERSION = YES;
				CLANG_WARN_NON_LITERAL_NULL_CONVERSION = YES;
				CLANG_WARN_OBJC_IMPLICIT_RETAIN_SELF = YES;
				CLANG_WARN_OBJC_LITERAL_CONVERSION = YES;
				CLANG_WARN_OBJC_ROOT_CLASS = YES_ERROR;
				CLANG_WARN_RANGE_LOOP_ANALYSIS = YES;
				CLANG_WARN_STRICT_PROTOTYPES = YES;
				CLANG_WARN_SUSPICIOUS_MOVE = YES;
				CLANG_WARN_UNGUARDED_AVAILABILITY = YES_AGGRESSIVE;
				CLANG_WARN_UNREACHABLE_CODE = YES;
				CLANG_WARN__DUPLICATE_METHOD_MATCH = YES;
				CODE_SIGN_IDENTITY = "iPhone Developer";
				COPY_PHASE_STRIP = NO;
				DEBUG_INFORMATION_FORMAT = dwarf;
				ENABLE_STRICT_OBJC_MSGSEND = YES;
				ENABLE_TESTABILITY = YES;
				GCC_C_LANGUAGE_STANDARD = gnu11;
				GCC_DYNAMIC_NO_PIC = NO;
				GCC_NO_COMMON_BLOCKS = YES;
				GCC_OPTIMIZATION_LEVEL = 0;
				GCC_PREPROCESSOR_DEFINITIONS = (
					"DEBUG=1",
					"$(inherited)",
				);
				GCC_WARN_64_TO_32_BIT_CONVERSION = YES;
				GCC_WARN_ABOUT_RETURN_TYPE = YES_ERROR;
				GCC_WARN_UNDECLARED_SELECTOR = YES;
				GCC_WARN_UNINITIALIZED_AUTOS = YES_AGGRESSIVE;
				GCC_WARN_UNUSED_FUNCTION = YES;
				GCC_WARN_UNUSED_VARIABLE = YES;
				IPHONEOS_DEPLOYMENT_TARGET = 12.4;
				MTL_ENABLE_DEBUG_INFO = INCLUDE_SOURCE;
				MTL_FAST_MATH = YES;
				ONLY_ACTIVE_ARCH = YES;
				SDKROOT = iphoneos;
				SWIFT_ACTIVE_COMPILATION_CONDITIONS = DEBUG;
				SWIFT_OPTIMIZATION_LEVEL = "-Onone";
			};
			name = Debug;
		};
		333AC137A779C20DF4706949 /* Debug */ = {
			isa = XCBuildConfiguration;
			baseConfigurationReference = 8BC3810B78E0FBD27DF054F4 /* Pods-xmppclient.debug.xcconfig */;
			buildSettings = {
				ASSETCATALOG_COMPILER_APPICON_NAME = AppIcon;
				CODE_SIGN_IDENTITY = "iPhone Developer";
				CODE_SIGN_STYLE = Automatic;
				DEVELOPMENT_TEAM = GK2FD9LYA7;
				INFOPLIST_FILE = xmppclient/Info.plist;
				IPHONEOS_DEPLOYMENT_TARGET = 12.3;
				LD_RUNPATH_SEARCH_PATHS = "$(inherited) @executable_path/Frameworks";
				PRODUCT_BUNDLE_IDENTIFIER = ca.andrewvtan.xmppclient;
				PRODUCT_NAME = "$(TARGET_NAME)";
				PROVISIONING_PROFILE_SPECIFIER = "";
				SWIFT_VERSION = 5.0;
				TARGETED_DEVICE_FAMILY = "1,2";
			};
			name = Debug;
		};
		333AC96057583CEADD2BA861 /* Release */ = {
			isa = XCBuildConfiguration;
			buildSettings = {
				ALWAYS_SEARCH_USER_PATHS = NO;
				CLANG_ANALYZER_NONNULL = YES;
				CLANG_ANALYZER_NUMBER_OBJECT_CONVERSION = YES_AGGRESSIVE;
				CLANG_CXX_LANGUAGE_STANDARD = "gnu++14";
				CLANG_CXX_LIBRARY = "libc++";
				CLANG_ENABLE_MODULES = YES;
				CLANG_ENABLE_OBJC_ARC = YES;
				CLANG_ENABLE_OBJC_WEAK = YES;
				CLANG_WARN_BLOCK_CAPTURE_AUTORELEASING = YES;
				CLANG_WARN_BOOL_CONVERSION = YES;
				CLANG_WARN_COMMA = YES;
				CLANG_WARN_CONSTANT_CONVERSION = YES;
				CLANG_WARN_DEPRECATED_OBJC_IMPLEMENTATIONS = YES;
				CLANG_WARN_DIRECT_OBJC_ISA_USAGE = YES_ERROR;
				CLANG_WARN_DOCUMENTATION_COMMENTS = YES;
				CLANG_WARN_EMPTY_BODY = YES;
				CLANG_WARN_ENUM_CONVERSION = YES;
				CLANG_WARN_INFINITE_RECURSION = YES;
				CLANG_WARN_INT_CONVERSION = YES;
				CLANG_WARN_NON_LITERAL_NULL_CONVERSION = YES;
				CLANG_WARN_OBJC_IMPLICIT_RETAIN_SELF = YES;
				CLANG_WARN_OBJC_LITERAL_CONVERSION = YES;
				CLANG_WARN_OBJC_ROOT_CLASS = YES_ERROR;
				CLANG_WARN_RANGE_LOOP_ANALYSIS = YES;
				CLANG_WARN_STRICT_PROTOTYPES = YES;
				CLANG_WARN_SUSPICIOUS_MOVE = YES;
				CLANG_WARN_UNGUARDED_AVAILABILITY = YES_AGGRESSIVE;
				CLANG_WARN_UNREACHABLE_CODE = YES;
				CLANG_WARN__DUPLICATE_METHOD_MATCH = YES;
				CODE_SIGN_IDENTITY = "iPhone Developer";
				COPY_PHASE_STRIP = NO;
				DEBUG_INFORMATION_FORMAT = "dwarf-with-dsym";
				ENABLE_NS_ASSERTIONS = NO;
				ENABLE_STRICT_OBJC_MSGSEND = YES;
				GCC_C_LANGUAGE_STANDARD = gnu11;
				GCC_NO_COMMON_BLOCKS = YES;
				GCC_WARN_64_TO_32_BIT_CONVERSION = YES;
				GCC_WARN_ABOUT_RETURN_TYPE = YES_ERROR;
				GCC_WARN_UNDECLARED_SELECTOR = YES;
				GCC_WARN_UNINITIALIZED_AUTOS = YES_AGGRESSIVE;
				GCC_WARN_UNUSED_FUNCTION = YES;
				GCC_WARN_UNUSED_VARIABLE = YES;
				IPHONEOS_DEPLOYMENT_TARGET = 12.4;
				MTL_ENABLE_DEBUG_INFO = NO;
				MTL_FAST_MATH = YES;
				SDKROOT = iphoneos;
				SWIFT_OPTIMIZATION_LEVEL = "-Owholemodule";
				VALIDATE_PRODUCT = YES;
			};
			name = Release;
		};
		333ACEE4DA6385564268EC4A /* Release */ = {
			isa = XCBuildConfiguration;
			baseConfigurationReference = 8BCF1A405C9B825D47F04562 /* Pods-xmppclient.release.xcconfig */;
			buildSettings = {
				ASSETCATALOG_COMPILER_APPICON_NAME = AppIcon;
				CODE_SIGN_IDENTITY = "iPhone Developer";
				CODE_SIGN_STYLE = Automatic;
				DEVELOPMENT_TEAM = GK2FD9LYA7;
				INFOPLIST_FILE = xmppclient/Info.plist;
				IPHONEOS_DEPLOYMENT_TARGET = 12.3;
				LD_RUNPATH_SEARCH_PATHS = "$(inherited) @executable_path/Frameworks";
				PRODUCT_BUNDLE_IDENTIFIER = ca.andrewvtan.xmppclient;
				PRODUCT_NAME = "$(TARGET_NAME)";
				PROVISIONING_PROFILE_SPECIFIER = "";
				SWIFT_VERSION = 5.0;
				TARGETED_DEVICE_FAMILY = "1,2";
			};
			name = Release;
		};
/* End XCBuildConfiguration section */

/* Begin XCConfigurationList section */
		333ACBA7CAA5DB6AEF270FCD /* Build configuration list for PBXProject "xmppclient" */ = {
			isa = XCConfigurationList;
			buildConfigurations = (
				333AC077DB2EE89A25DFD73A /* Debug */,
				333AC96057583CEADD2BA861 /* Release */,
			);
			defaultConfigurationIsVisible = 0;
			defaultConfigurationName = Release;
		};
		333ACF03700ADBA2C63B9184 /* Build configuration list for PBXNativeTarget "xmppclient" */ = {
			isa = XCConfigurationList;
			buildConfigurations = (
				333AC137A779C20DF4706949 /* Debug */,
				333ACEE4DA6385564268EC4A /* Release */,
			);
			defaultConfigurationIsVisible = 0;
			defaultConfigurationName = Release;
		};
/* End XCConfigurationList section */
	};
	rootObject = 333AC417CC40BB5EA7BC7556 /* Project object */;
}
